
Microsoft Visual Studio Solution File, Format Version 12.00
# Visual Studio Version 17
VisualStudioVersion = 17.9.34701.34
MinimumVisualStudioVersion = 10.0.40219.1
Project("{FAE04EC0-301F-11D3-BF4B-00C04F79EFBC}") = "CustomerCollection", "CustomerCollection.csproj", "{2C2857FD-0580-48CD-864E-151D38979AF7}"
EndProject
Global
	GlobalSection(SolutionConfigurationPlatforms) = preSolution
		Debug|Any CPU = Debug|Any CPU
		Release|Any CPU = Release|Any CPU
	EndGlobalSection
	GlobalSection(ProjectConfigurationPlatforms) = postSolution
		{2C2857FD-0580-48CD-864E-151D38979AF7}.Debug|Any CPU.ActiveCfg = Debug|Any CPU
		{2C2857FD-0580-48CD-864E-151D38979AF7}.Debug|Any CPU.Build.0 = Debug|Any CPU
		{2C2857FD-0580-48CD-864E-151D38979AF7}.Release|Any CPU.ActiveCfg = Release|Any CPU
		{2C2857FD-0580-48CD-864E-151D38979AF7}.Release|Any CPU.Build.0 = Release|Any CPU
	EndGlobalSection
	GlobalSection(SolutionProperties) = preSolution
		HideSolutionNode = FALSE
	EndGlobalSection
	GlobalSection(ExtensibilityGlobals) = postSolution
		SolutionGuid = {68592C59-3850-46AD-A020-0F6EFA138985}
	EndGlobalSection
EndGlobal
