
Microsoft Visual Studio Solution File, Format Version 12.00
# Visual Studio Version 17
VisualStudioVersion = 17.9.34701.34
MinimumVisualStudioVersion = 10.0.40219.1
Project("{FAE04EC0-301F-11D3-BF4B-00C04F79EFBC}") = "CircularQueue", "CircularQueue.csproj", "{77C2DC29-2156-4B96-B98A-08B043006106}"
EndProject
Global
	GlobalSection(SolutionConfigurationPlatforms) = preSolution
		Debug|Any CPU = Debug|Any CPU
		Release|Any CPU = Release|Any CPU
	EndGlobalSection
	GlobalSection(ProjectConfigurationPlatforms) = postSolution
		{77C2DC29-2156-4B96-B98A-08B043006106}.Debug|Any CPU.ActiveCfg = Debug|Any CPU
		{77C2DC29-2156-4B96-B98A-08B043006106}.Debug|Any CPU.Build.0 = Debug|Any CPU
		{77C2DC29-2156-4B96-B98A-08B043006106}.Release|Any CPU.ActiveCfg = Release|Any CPU
		{77C2DC29-2156-4B96-B98A-08B043006106}.Release|Any CPU.Build.0 = Release|Any CPU
	EndGlobalSection
	GlobalSection(SolutionProperties) = preSolution
		HideSolutionNode = FALSE
	EndGlobalSection
	GlobalSection(ExtensibilityGlobals) = postSolution
		SolutionGuid = {86D2A5A3-6759-451A-9750-2D1DC8D8F589}
	EndGlobalSection
EndGlobal
